
Microsoft Visual Studio Solution File, Format Version 12.00
# Visual Studio 15
Project("{FAE04EC0-301F-11D3-BF4B-00C04F79EFBC}") = "UnityEngine.TestRunner", "UnityEngine.TestRunner.csproj", "{657C1C0C-56F9-C4EB-5D58-65561F642F93}"
EndProject
Project("{FAE04EC0-301F-11D3-BF4B-00C04F79EFBC}") = "UnityEngine.UI", "UnityEngine.UI.csproj", "{DFA37102-CF4B-2FCC-5A5A-6E0E94090A17}"
EndProject
Project("{FAE04EC0-301F-11D3-BF4B-00C04F79EFBC}") = "Unity.VisualScripting.Flow", "Unity.VisualScripting.Flow.csproj", "{B435C9FF-423C-F099-706C-259000342D54}"
EndProject
Project("{FAE04EC0-301F-11D3-BF4B-00C04F79EFBC}") = "Unity.Services.Core.Telemetry", "Unity.Services.Core.Telemetry.csproj", "{9374B00A-649B-489C-96B5-FC0B76958898}"
EndProject
Project("{FAE04EC0-301F-11D3-BF4B-00C04F79EFBC}") = "Unity.VisualScripting.State", "Unity.VisualScripting.State.csproj", "{7DDFEEEB-7EF7-5170-CE7C-75910FB19B8A}"
EndProject
Project("{FAE04EC0-301F-11D3-BF4B-00C04F79EFBC}") = "Unity.VisualScripting.Core", "Unity.VisualScripting.Core.csproj", "{77A5E78F-66A9-9C52-D9B8-4B8CBA3DD082}"
EndProject
Project("{FAE04EC0-301F-11D3-BF4B-00C04F79EFBC}") = "Unity.Services.Core.Environments.Internal", "Unity.Services.Core.Environments.Internal.csproj", "{F859B791-60AB-EDBC-FE77-DC69AE54A04E}"
EndProject
Project("{FAE04EC0-301F-11D3-BF4B-00C04F79EFBC}") = "Unity.TextMeshPro", "Unity.TextMeshPro.csproj", "{5DA1C624-6E95-4297-9A45-B74AFB8609C0}"
EndProject
Project("{FAE04EC0-301F-11D3-BF4B-00C04F79EFBC}") = "Unity.Timeline", "Unity.Timeline.csproj", "{F1F355BA-E038-5C53-763B-A3B707CDA5E4}"
EndProject
Project("{FAE04EC0-301F-11D3-BF4B-00C04F79EFBC}") = "Unity.Services.Core", "Unity.Services.Core.csproj", "{79A4BCB9-42FE-FCFC-2B4E-6885BC3138FC}"
EndProject
Project("{FAE04EC0-301F-11D3-BF4B-00C04F79EFBC}") = "Unity.Services.Core.Environments", "Unity.Services.Core.Environments.csproj", "{2DA74BA2-72A0-4A6A-8691-EB41B28E2836}"
EndProject
Project("{FAE04EC0-301F-11D3-BF4B-00C04F79EFBC}") = "Unity.Services.Core.Internal", "Unity.Services.Core.Internal.csproj", "{84AC8A75-2371-5AC7-B742-0387DBB78D0A}"
EndProject
Project("{FAE04EC0-301F-11D3-BF4B-00C04F79EFBC}") = "Unity.Services.Core.Analytics", "Unity.Services.Core.Analytics.csproj", "{27C9F255-909D-E0B7-28E5-77078CFB349B}"
EndProject
Project("{FAE04EC0-301F-11D3-BF4B-00C04F79EFBC}") = "Unity.Services.Core.Scheduler", "Unity.Services.Core.Scheduler.csproj", "{7DCEF13B-6B94-3759-FDD3-365F9944333D}"
EndProject
Project("{FAE04EC0-301F-11D3-BF4B-00C04F79EFBC}") = "Unity.Services.Core.Registration", "Unity.Services.Core.Registration.csproj", "{EC8ECEA4-DAE2-B0CA-D247-AD7215043992}"
EndProject
Project("{FAE04EC0-301F-11D3-BF4B-00C04F79EFBC}") = "Unity.Services.Core.Device", "Unity.Services.Core.Device.csproj", "{5EEFCD16-6EF4-0956-0ACB-C82DE38B4881}"
EndProject
Project("{FAE04EC0-301F-11D3-BF4B-00C04F79EFBC}") = "Unity.Services.Core.Threading", "Unity.Services.Core.Threading.csproj", "{0F273B76-7303-B879-F9EC-70F7B2436C51}"
EndProject
Project("{FAE04EC0-301F-11D3-BF4B-00C04F79EFBC}") = "Unity.Services.Core.Networking", "Unity.Services.Core.Networking.csproj", "{8E4562DC-CD82-F792-A171-B15DDDC1FDF6}"
EndProject
Project("{FAE04EC0-301F-11D3-BF4B-00C04F79EFBC}") = "Unity.Services.Core.Configuration", "Unity.Services.Core.Configuration.csproj", "{0BC8FFC4-1255-8C53-42BD-B6596792C0C8}"
EndProject
Project("{FAE04EC0-301F-11D3-BF4B-00C04F79EFBC}") = "Assembly-CSharp", "Assembly-CSharp.csproj", "{7107E60B-71FF-69CA-8E45-C600CF497C3D}"
EndProject
Project("{FAE04EC0-301F-11D3-BF4B-00C04F79EFBC}") = "Unity.PlasticSCM.Editor", "Unity.PlasticSCM.Editor.csproj", "{93CBFBF8-0D44-B20F-7507-7A05CFC15222}"
EndProject
Project("{FAE04EC0-301F-11D3-BF4B-00C04F79EFBC}") = "Unity.VisualScripting.Core.Editor", "Unity.VisualScripting.Core.Editor.csproj", "{69855C1A-289E-1EB5-551A-D85480AF6C76}"
EndProject
Project("{FAE04EC0-301F-11D3-BF4B-00C04F79EFBC}") = "Unity.VisualScripting.Flow.Editor", "Unity.VisualScripting.Flow.Editor.csproj", "{AC25C2BD-47C0-8298-37D5-EA8BD982B116}"
EndProject
Project("{FAE04EC0-301F-11D3-BF4B-00C04F79EFBC}") = "Unity.VisualStudio.Editor", "Unity.VisualStudio.Editor.csproj", "{C1B3B173-C502-B8F7-58C5-EB8FA8D06AA9}"
EndProject
Project("{FAE04EC0-301F-11D3-BF4B-00C04F79EFBC}") = "Unity.Timeline.Editor", "Unity.Timeline.Editor.csproj", "{BE762A1B-6317-6804-7099-569094CDE48C}"
EndProject
Project("{FAE04EC0-301F-11D3-BF4B-00C04F79EFBC}") = "Unity.VisualScripting.State.Editor", "Unity.VisualScripting.State.Editor.csproj", "{871D03C1-30DA-25F5-FEEB-634E15C08903}"
EndProject
Project("{FAE04EC0-301F-11D3-BF4B-00C04F79EFBC}") = "Unity.TextMeshPro.Editor", "Unity.TextMeshPro.Editor.csproj", "{199B1D4A-8F16-EC54-E543-A9F905487CF0}"
EndProject
Project("{FAE04EC0-301F-11D3-BF4B-00C04F79EFBC}") = "Unity.VisualScripting.SettingsProvider.Editor", "Unity.VisualScripting.SettingsProvider.Editor.csproj", "{7D93717B-6CD8-DB65-569E-D438F51C26A9}"
EndProject
Project("{FAE04EC0-301F-11D3-BF4B-00C04F79EFBC}") = "Unity.CollabProxy.Editor", "Unity.CollabProxy.Editor.csproj", "{6693A719-7E63-EBDD-6A6C-940955DA0F48}"
EndProject
Project("{FAE04EC0-301F-11D3-BF4B-00C04F79EFBC}") = "UnityEditor.TestRunner", "UnityEditor.TestRunner.csproj", "{27C679A9-CAA6-A780-D4AA-2908A4C8E9CB}"
EndProject
Project("{FAE04EC0-301F-11D3-BF4B-00C04F79EFBC}") = "Unity.Services.Core.Editor", "Unity.Services.Core.Editor.csproj", "{F59092AC-2BEF-ABCA-CE25-C785425BB75F}"
EndProject
Project("{FAE04EC0-301F-11D3-BF4B-00C04F79EFBC}") = "Unity.TestTools.CodeCoverage.Editor", "Unity.TestTools.CodeCoverage.Editor.csproj", "{91F09A24-F0D2-5E08-D791-5E6CD35BDB42}"
EndProject
Project("{FAE04EC0-301F-11D3-BF4B-00C04F79EFBC}") = "Unity.Rider.Editor", "Unity.Rider.Editor.csproj", "{3DFED765-54B0-BFB3-9AB9-B11D43F275AC}"
EndProject
Project("{FAE04EC0-301F-11D3-BF4B-00C04F79EFBC}") = "Unity.Performance.Profile-Analyzer.Editor", "Unity.Performance.Profile-Analyzer.Editor.csproj", "{150DD1F5-5B4E-F5EB-2A45-58CA41E1B2CD}"
EndProject
Project("{FAE04EC0-301F-11D3-BF4B-00C04F79EFBC}") = "Unity.VSCode.Editor", "Unity.VSCode.Editor.csproj", "{461F86E2-99E9-0EBB-00CE-98FB9BA64C9B}"
EndProject
Project("{FAE04EC0-301F-11D3-BF4B-00C04F79EFBC}") = "UnityEditor.UI", "UnityEditor.UI.csproj", "{99E9633A-A8FE-FC4D-0566-684E0A35E859}"
EndProject
Project("{FAE04EC0-301F-11D3-BF4B-00C04F79EFBC}") = "Unity.TestTools.CodeCoverage.Editor.OpenCover.Model", "Unity.TestTools.CodeCoverage.Editor.OpenCover.Model.csproj", "{C0BD151E-B482-9F4D-2B6D-5B87DF025DF1}"
EndProject
Project("{FAE04EC0-301F-11D3-BF4B-00C04F79EFBC}") = "Unity.EditorCoroutines.Editor", "Unity.EditorCoroutines.Editor.csproj", "{E8290EDF-6595-EECC-0E20-0154F38D19DB}"
EndProject
Project("{FAE04EC0-301F-11D3-BF4B-00C04F79EFBC}") = "Unity.Settings.Editor", "Unity.Settings.Editor.csproj", "{87AB8392-2F26-8C4C-8C70-C0150644D531}"
EndProject
Project("{FAE04EC0-301F-11D3-BF4B-00C04F79EFBC}") = "Unity.Services.Core.Configuration.Editor", "Unity.Services.Core.Configuration.Editor.csproj", "{3CF0DE9D-D31F-9C14-A272-D5BA6888739B}"
EndProject
Project("{FAE04EC0-301F-11D3-BF4B-00C04F79EFBC}") = "Unity.TestTools.CodeCoverage.Editor.OpenCover.Mono.Reflection", "Unity.TestTools.CodeCoverage.Editor.OpenCover.Mono.Reflection.csproj", "{2AF39526-D5BF-82A9-986C-30A9F78589D2}"
EndProject
Project("{FAE04EC0-301F-11D3-BF4B-00C04F79EFBC}") = "Unity.VisualScripting.Shared.Editor", "Unity.VisualScripting.Shared.Editor.csproj", "{F17128E9-0291-E5D1-5E34-D185BCC0B0D6}"
EndProject
Project("{FAE04EC0-301F-11D3-BF4B-00C04F79EFBC}") = "UnityEngine.TestRunner", "UnityEngine.TestRunner.Player.csproj", "{C45E1DF0-FAFA-A584-A40D-F8A4BB20613A}"
EndProject
Project("{FAE04EC0-301F-11D3-BF4B-00C04F79EFBC}") = "UnityEngine.UI", "UnityEngine.UI.Player.csproj", "{B9A92D4F-2B09-2484-461F-96F5341A9B0B}"
EndProject
Project("{FAE04EC0-301F-11D3-BF4B-00C04F79EFBC}") = "Unity.VisualScripting.Flow", "Unity.VisualScripting.Flow.Player.csproj", "{5882696A-E338-3C88-AF62-0BBA959DC841}"
EndProject
Project("{FAE04EC0-301F-11D3-BF4B-00C04F79EFBC}") = "Unity.Services.Core.Telemetry", "Unity.Services.Core.Telemetry.Player.csproj", "{197FF068-E01D-1F9C-57E4-406E6F88EE65}"
EndProject
Project("{FAE04EC0-301F-11D3-BF4B-00C04F79EFBC}") = "Unity.VisualScripting.State", "Unity.VisualScripting.State.Player.csproj", "{7258C746-6776-0BA0-FC5B-9B0603D551AB}"
EndProject
Project("{FAE04EC0-301F-11D3-BF4B-00C04F79EFBC}") = "Unity.VisualScripting.Core", "Unity.VisualScripting.Core.Player.csproj", "{AFF955EC-8EFA-6B47-6FD6-A0E5EB803D0E}"
EndProject
Project("{FAE04EC0-301F-11D3-BF4B-00C04F79EFBC}") = "Unity.Services.Core.Environments.Internal", "Unity.Services.Core.Environments.Internal.Player.csproj", "{419242D0-242A-E0B4-B4E6-A1504C8B35C6}"
EndProject
Project("{FAE04EC0-301F-11D3-BF4B-00C04F79EFBC}") = "Unity.TextMeshPro", "Unity.TextMeshPro.Player.csproj", "{0A05F66A-6111-1273-5BF5-EDE1E0B2D1E6}"
EndProject
Project("{FAE04EC0-301F-11D3-BF4B-00C04F79EFBC}") = "Unity.Timeline", "Unity.Timeline.Player.csproj", "{5E2F9D8E-2D1D-BAB9-D4AF-6419D1B4C734}"
EndProject
Project("{FAE04EC0-301F-11D3-BF4B-00C04F79EFBC}") = "Unity.Services.Core", "Unity.Services.Core.Player.csproj", "{13249650-564B-5713-A345-5DB6FB4FD5E0}"
EndProject
Project("{FAE04EC0-301F-11D3-BF4B-00C04F79EFBC}") = "Unity.Services.Core.Environments", "Unity.Services.Core.Environments.Player.csproj", "{9FC4FD90-0A25-4F51-E8FD-4875ABB39744}"
EndProject
Project("{FAE04EC0-301F-11D3-BF4B-00C04F79EFBC}") = "Unity.Services.Core.Internal", "Unity.Services.Core.Internal.Player.csproj", "{E0F7C785-E03F-F464-7335-098E506DB86C}"
EndProject
Project("{FAE04EC0-301F-11D3-BF4B-00C04F79EFBC}") = "Unity.Services.Core.Analytics", "Unity.Services.Core.Analytics.Player.csproj", "{0A840186-CB81-FB7C-29CA-1AEB9A5C9216}"
EndProject
Project("{FAE04EC0-301F-11D3-BF4B-00C04F79EFBC}") = "Unity.Services.Core.Scheduler", "Unity.Services.Core.Scheduler.Player.csproj", "{3DB910B0-E1B8-A581-68F8-417C408209DE}"
EndProject
Project("{FAE04EC0-301F-11D3-BF4B-00C04F79EFBC}") = "Unity.Services.Core.Registration", "Unity.Services.Core.Registration.Player.csproj", "{53017C9A-EA0D-871F-2C47-64083D2D3B5F}"
EndProject
Project("{FAE04EC0-301F-11D3-BF4B-00C04F79EFBC}") = "Unity.Services.Core.Device", "Unity.Services.Core.Device.Player.csproj", "{B2B49AF9-478F-E5C0-E3C1-5941CCC6273A}"
EndProject
Project("{FAE04EC0-301F-11D3-BF4B-00C04F79EFBC}") = "Unity.Services.Core.Threading", "Unity.Services.Core.Threading.Player.csproj", "{51BF989F-CF70-57AE-7A15-3195B1683BFD}"
EndProject
Project("{FAE04EC0-301F-11D3-BF4B-00C04F79EFBC}") = "Unity.Services.Core.Networking", "Unity.Services.Core.Networking.Player.csproj", "{BF06B3C8-FBAA-4787-E699-21445D2DFFDD}"
EndProject
Project("{FAE04EC0-301F-11D3-BF4B-00C04F79EFBC}") = "Unity.Services.Core.Configuration", "Unity.Services.Core.Configuration.Player.csproj", "{F52B0F8E-A717-9D77-4E18-981DE9BA5499}"
EndProject
Project("{FAE04EC0-301F-11D3-BF4B-00C04F79EFBC}") = "Assembly-CSharp", "Assembly-CSharp.Player.csproj", "{2980FF11-1639-0F90-A63D-624DE5CEB7B6}"
EndProject
Global
	GlobalSection(SolutionConfigurationPlatforms) = preSolution
		Debug|Any CPU = Debug|Any CPU
		Release|Any CPU = Release|Any CPU
	EndGlobalSection
	GlobalSection(ProjectConfigurationPlatforms) = postSolution
		{657C1C0C-56F9-C4EB-5D58-65561F642F93}.Debug|Any CPU.ActiveCfg = Debug|Any CPU
		{657C1C0C-56F9-C4EB-5D58-65561F642F93}.Debug|Any CPU.Build.0 = Debug|Any CPU
		{657C1C0C-56F9-C4EB-5D58-65561F642F93}.Release|Any CPU.ActiveCfg = Release|Any CPU
		{657C1C0C-56F9-C4EB-5D58-65561F642F93}.Release|Any CPU.Build.0 = Release|Any CPU
		{DFA37102-CF4B-2FCC-5A5A-6E0E94090A17}.Debug|Any CPU.ActiveCfg = Debug|Any CPU
		{DFA37102-CF4B-2FCC-5A5A-6E0E94090A17}.Debug|Any CPU.Build.0 = Debug|Any CPU
		{DFA37102-CF4B-2FCC-5A5A-6E0E94090A17}.Release|Any CPU.ActiveCfg = Release|Any CPU
		{DFA37102-CF4B-2FCC-5A5A-6E0E94090A17}.Release|Any CPU.Build.0 = Release|Any CPU
		{B435C9FF-423C-F099-706C-259000342D54}.Debug|Any CPU.ActiveCfg = Debug|Any CPU
		{B435C9FF-423C-F099-706C-259000342D54}.Debug|Any CPU.Build.0 = Debug|Any CPU
		{B435C9FF-423C-F099-706C-259000342D54}.Release|Any CPU.ActiveCfg = Release|Any CPU
		{B435C9FF-423C-F099-706C-259000342D54}.Release|Any CPU.Build.0 = Release|Any CPU
		{9374B00A-649B-489C-96B5-FC0B76958898}.Debug|Any CPU.ActiveCfg = Debug|Any CPU
		{9374B00A-649B-489C-96B5-FC0B76958898}.Debug|Any CPU.Build.0 = Debug|Any CPU
		{9374B00A-649B-489C-96B5-FC0B76958898}.Release|Any CPU.ActiveCfg = Release|Any CPU
		{9374B00A-649B-489C-96B5-FC0B76958898}.Release|Any CPU.Build.0 = Release|Any CPU
		{7DDFEEEB-7EF7-5170-CE7C-75910FB19B8A}.Debug|Any CPU.ActiveCfg = Debug|Any CPU
		{7DDFEEEB-7EF7-5170-CE7C-75910FB19B8A}.Debug|Any CPU.Build.0 = Debug|Any CPU
		{7DDFEEEB-7EF7-5170-CE7C-75910FB19B8A}.Release|Any CPU.ActiveCfg = Release|Any CPU
		{7DDFEEEB-7EF7-5170-CE7C-75910FB19B8A}.Release|Any CPU.Build.0 = Release|Any CPU
		{77A5E78F-66A9-9C52-D9B8-4B8CBA3DD082}.Debug|Any CPU.ActiveCfg = Debug|Any CPU
		{77A5E78F-66A9-9C52-D9B8-4B8CBA3DD082}.Debug|Any CPU.Build.0 = Debug|Any CPU
		{77A5E78F-66A9-9C52-D9B8-4B8CBA3DD082}.Release|Any CPU.ActiveCfg = Release|Any CPU
		{77A5E78F-66A9-9C52-D9B8-4B8CBA3DD082}.Release|Any CPU.Build.0 = Release|Any CPU
		{F859B791-60AB-EDBC-FE77-DC69AE54A04E}.Debug|Any CPU.ActiveCfg = Debug|Any CPU
		{F859B791-60AB-EDBC-FE77-DC69AE54A04E}.Debug|Any CPU.Build.0 = Debug|Any CPU
		{F859B791-60AB-EDBC-FE77-DC69AE54A04E}.Release|Any CPU.ActiveCfg = Release|Any CPU
		{F859B791-60AB-EDBC-FE77-DC69AE54A04E}.Release|Any CPU.Build.0 = Release|Any CPU
		{5DA1C624-6E95-4297-9A45-B74AFB8609C0}.Debug|Any CPU.ActiveCfg = Debug|Any CPU
		{5DA1C624-6E95-4297-9A45-B74AFB8609C0}.Debug|Any CPU.Build.0 = Debug|Any CPU
		{5DA1C624-6E95-4297-9A45-B74AFB8609C0}.Release|Any CPU.ActiveCfg = Release|Any CPU
		{5DA1C624-6E95-4297-9A45-B74AFB8609C0}.Release|Any CPU.Build.0 = Release|Any CPU
		{F1F355BA-E038-5C53-763B-A3B707CDA5E4}.Debug|Any CPU.ActiveCfg = Debug|Any CPU
		{F1F355BA-E038-5C53-763B-A3B707CDA5E4}.Debug|Any CPU.Build.0 = Debug|Any CPU
		{F1F355BA-E038-5C53-763B-A3B707CDA5E4}.Release|Any CPU.ActiveCfg = Release|Any CPU
		{F1F355BA-E038-5C53-763B-A3B707CDA5E4}.Release|Any CPU.Build.0 = Release|Any CPU
		{79A4BCB9-42FE-FCFC-2B4E-6885BC3138FC}.Debug|Any CPU.ActiveCfg = Debug|Any CPU
		{79A4BCB9-42FE-FCFC-2B4E-6885BC3138FC}.Debug|Any CPU.Build.0 = Debug|Any CPU
		{79A4BCB9-42FE-FCFC-2B4E-6885BC3138FC}.Release|Any CPU.ActiveCfg = Release|Any CPU
		{79A4BCB9-42FE-FCFC-2B4E-6885BC3138FC}.Release|Any CPU.Build.0 = Release|Any CPU
		{2DA74BA2-72A0-4A6A-8691-EB41B28E2836}.Debug|Any CPU.ActiveCfg = Debug|Any CPU
		{2DA74BA2-72A0-4A6A-8691-EB41B28E2836}.Debug|Any CPU.Build.0 = Debug|Any CPU
		{2DA74BA2-72A0-4A6A-8691-EB41B28E2836}.Release|Any CPU.ActiveCfg = Release|Any CPU
		{2DA74BA2-72A0-4A6A-8691-EB41B28E2836}.Release|Any CPU.Build.0 = Release|Any CPU
		{84AC8A75-2371-5AC7-B742-0387DBB78D0A}.Debug|Any CPU.ActiveCfg = Debug|Any CPU
		{84AC8A75-2371-5AC7-B742-0387DBB78D0A}.Debug|Any CPU.Build.0 = Debug|Any CPU
		{84AC8A75-2371-5AC7-B742-0387DBB78D0A}.Release|Any CPU.ActiveCfg = Release|Any CPU
		{84AC8A75-2371-5AC7-B742-0387DBB78D0A}.Release|Any CPU.Build.0 = Release|Any CPU
		{27C9F255-909D-E0B7-28E5-77078CFB349B}.Debug|Any CPU.ActiveCfg = Debug|Any CPU
		{27C9F255-909D-E0B7-28E5-77078CFB349B}.Debug|Any CPU.Build.0 = Debug|Any CPU
		{27C9F255-909D-E0B7-28E5-77078CFB349B}.Release|Any CPU.ActiveCfg = Release|Any CPU
		{27C9F255-909D-E0B7-28E5-77078CFB349B}.Release|Any CPU.Build.0 = Release|Any CPU
		{7DCEF13B-6B94-3759-FDD3-365F9944333D}.Debug|Any CPU.ActiveCfg = Debug|Any CPU
		{7DCEF13B-6B94-3759-FDD3-365F9944333D}.Debug|Any CPU.Build.0 = Debug|Any CPU
		{7DCEF13B-6B94-3759-FDD3-365F9944333D}.Release|Any CPU.ActiveCfg = Release|Any CPU
		{7DCEF13B-6B94-3759-FDD3-365F9944333D}.Release|Any CPU.Build.0 = Release|Any CPU
		{EC8ECEA4-DAE2-B0CA-D247-AD7215043992}.Debug|Any CPU.ActiveCfg = Debug|Any CPU
		{EC8ECEA4-DAE2-B0CA-D247-AD7215043992}.Debug|Any CPU.Build.0 = Debug|Any CPU
		{EC8ECEA4-DAE2-B0CA-D247-AD7215043992}.Release|Any CPU.ActiveCfg = Release|Any CPU
		{EC8ECEA4-DAE2-B0CA-D247-AD7215043992}.Release|Any CPU.Build.0 = Release|Any CPU
		{5EEFCD16-6EF4-0956-0ACB-C82DE38B4881}.Debug|Any CPU.ActiveCfg = Debug|Any CPU
		{5EEFCD16-6EF4-0956-0ACB-C82DE38B4881}.Debug|Any CPU.Build.0 = Debug|Any CPU
		{5EEFCD16-6EF4-0956-0ACB-C82DE38B4881}.Release|Any CPU.ActiveCfg = Release|Any CPU
		{5EEFCD16-6EF4-0956-0ACB-C82DE38B4881}.Release|Any CPU.Build.0 = Release|Any CPU
		{0F273B76-7303-B879-F9EC-70F7B2436C51}.Debug|Any CPU.ActiveCfg = Debug|Any CPU
		{0F273B76-7303-B879-F9EC-70F7B2436C51}.Debug|Any CPU.Build.0 = Debug|Any CPU
		{0F273B76-7303-B879-F9EC-70F7B2436C51}.Release|Any CPU.ActiveCfg = Release|Any CPU
		{0F273B76-7303-B879-F9EC-70F7B2436C51}.Release|Any CPU.Build.0 = Release|Any CPU
		{8E4562DC-CD82-F792-A171-B15DDDC1FDF6}.Debug|Any CPU.ActiveCfg = Debug|Any CPU
		{8E4562DC-CD82-F792-A171-B15DDDC1FDF6}.Debug|Any CPU.Build.0 = Debug|Any CPU
		{8E4562DC-CD82-F792-A171-B15DDDC1FDF6}.Release|Any CPU.ActiveCfg = Release|Any CPU
		{8E4562DC-CD82-F792-A171-B15DDDC1FDF6}.Release|Any CPU.Build.0 = Release|Any CPU
		{0BC8FFC4-1255-8C53-42BD-B6596792C0C8}.Debug|Any CPU.ActiveCfg = Debug|Any CPU
		{0BC8FFC4-1255-8C53-42BD-B6596792C0C8}.Debug|Any CPU.Build.0 = Debug|Any CPU
		{0BC8FFC4-1255-8C53-42BD-B6596792C0C8}.Release|Any CPU.ActiveCfg = Release|Any CPU
		{0BC8FFC4-1255-8C53-42BD-B6596792C0C8}.Release|Any CPU.Build.0 = Release|Any CPU
		{7107E60B-71FF-69CA-8E45-C600CF497C3D}.Debug|Any CPU.ActiveCfg = Debug|Any CPU
		{7107E60B-71FF-69CA-8E45-C600CF497C3D}.Debug|Any CPU.Build.0 = Debug|Any CPU
		{7107E60B-71FF-69CA-8E45-C600CF497C3D}.Release|Any CPU.ActiveCfg = Release|Any CPU
		{7107E60B-71FF-69CA-8E45-C600CF497C3D}.Release|Any CPU.Build.0 = Release|Any CPU
		{93CBFBF8-0D44-B20F-7507-7A05CFC15222}.Debug|Any CPU.ActiveCfg = Debug|Any CPU
		{93CBFBF8-0D44-B20F-7507-7A05CFC15222}.Debug|Any CPU.Build.0 = Debug|Any CPU
		{93CBFBF8-0D44-B20F-7507-7A05CFC15222}.Release|Any CPU.ActiveCfg = Release|Any CPU
		{93CBFBF8-0D44-B20F-7507-7A05CFC15222}.Release|Any CPU.Build.0 = Release|Any CPU
		{69855C1A-289E-1EB5-551A-D85480AF6C76}.Debug|Any CPU.ActiveCfg = Debug|Any CPU
		{69855C1A-289E-1EB5-551A-D85480AF6C76}.Debug|Any CPU.Build.0 = Debug|Any CPU
		{69855C1A-289E-1EB5-551A-D85480AF6C76}.Release|Any CPU.ActiveCfg = Release|Any CPU
		{69855C1A-289E-1EB5-551A-D85480AF6C76}.Release|Any CPU.Build.0 = Release|Any CPU
		{AC25C2BD-47C0-8298-37D5-EA8BD982B116}.Debug|Any CPU.ActiveCfg = Debug|Any CPU
		{AC25C2BD-47C0-8298-37D5-EA8BD982B116}.Debug|Any CPU.Build.0 = Debug|Any CPU
		{AC25C2BD-47C0-8298-37D5-EA8BD982B116}.Release|Any CPU.ActiveCfg = Release|Any CPU
		{AC25C2BD-47C0-8298-37D5-EA8BD982B116}.Release|Any CPU.Build.0 = Release|Any CPU
		{C1B3B173-C502-B8F7-58C5-EB8FA8D06AA9}.Debug|Any CPU.ActiveCfg = Debug|Any CPU
		{C1B3B173-C502-B8F7-58C5-EB8FA8D06AA9}.Debug|Any CPU.Build.0 = Debug|Any CPU
		{C1B3B173-C502-B8F7-58C5-EB8FA8D06AA9}.Release|Any CPU.ActiveCfg = Release|Any CPU
		{C1B3B173-C502-B8F7-58C5-EB8FA8D06AA9}.Release|Any CPU.Build.0 = Release|Any CPU
		{BE762A1B-6317-6804-7099-569094CDE48C}.Debug|Any CPU.ActiveCfg = Debug|Any CPU
		{BE762A1B-6317-6804-7099-569094CDE48C}.Debug|Any CPU.Build.0 = Debug|Any CPU
		{BE762A1B-6317-6804-7099-569094CDE48C}.Release|Any CPU.ActiveCfg = Release|Any CPU
		{BE762A1B-6317-6804-7099-569094CDE48C}.Release|Any CPU.Build.0 = Release|Any CPU
		{871D03C1-30DA-25F5-FEEB-634E15C08903}.Debug|Any CPU.ActiveCfg = Debug|Any CPU
		{871D03C1-30DA-25F5-FEEB-634E15C08903}.Debug|Any CPU.Build.0 = Debug|Any CPU
		{871D03C1-30DA-25F5-FEEB-634E15C08903}.Release|Any CPU.ActiveCfg = Release|Any CPU
		{871D03C1-30DA-25F5-FEEB-634E15C08903}.Release|Any CPU.Build.0 = Release|Any CPU
		{199B1D4A-8F16-EC54-E543-A9F905487CF0}.Debug|Any CPU.ActiveCfg = Debug|Any CPU
		{199B1D4A-8F16-EC54-E543-A9F905487CF0}.Debug|Any CPU.Build.0 = Debug|Any CPU
		{199B1D4A-8F16-EC54-E543-A9F905487CF0}.Release|Any CPU.ActiveCfg = Release|Any CPU
		{199B1D4A-8F16-EC54-E543-A9F905487CF0}.Release|Any CPU.Build.0 = Release|Any CPU
		{7D93717B-6CD8-DB65-569E-D438F51C26A9}.Debug|Any CPU.ActiveCfg = Debug|Any CPU
		{7D93717B-6CD8-DB65-569E-D438F51C26A9}.Debug|Any CPU.Build.0 = Debug|Any CPU
		{7D93717B-6CD8-DB65-569E-D438F51C26A9}.Release|Any CPU.ActiveCfg = Release|Any CPU
		{7D93717B-6CD8-DB65-569E-D438F51C26A9}.Release|Any CPU.Build.0 = Release|Any CPU
		{6693A719-7E63-EBDD-6A6C-940955DA0F48}.Debug|Any CPU.ActiveCfg = Debug|Any CPU
		{6693A719-7E63-EBDD-6A6C-940955DA0F48}.Debug|Any CPU.Build.0 = Debug|Any CPU
		{6693A719-7E63-EBDD-6A6C-940955DA0F48}.Release|Any CPU.ActiveCfg = Release|Any CPU
		{6693A719-7E63-EBDD-6A6C-940955DA0F48}.Release|Any CPU.Build.0 = Release|Any CPU
		{27C679A9-CAA6-A780-D4AA-2908A4C8E9CB}.Debug|Any CPU.ActiveCfg = Debug|Any CPU
		{27C679A9-CAA6-A780-D4AA-2908A4C8E9CB}.Debug|Any CPU.Build.0 = Debug|Any CPU
		{27C679A9-CAA6-A780-D4AA-2908A4C8E9CB}.Release|Any CPU.ActiveCfg = Release|Any CPU
		{27C679A9-CAA6-A780-D4AA-2908A4C8E9CB}.Release|Any CPU.Build.0 = Release|Any CPU
		{F59092AC-2BEF-ABCA-CE25-C785425BB75F}.Debug|Any CPU.ActiveCfg = Debug|Any CPU
		{F59092AC-2BEF-ABCA-CE25-C785425BB75F}.Debug|Any CPU.Build.0 = Debug|Any CPU
		{F59092AC-2BEF-ABCA-CE25-C785425BB75F}.Release|Any CPU.ActiveCfg = Release|Any CPU
		{F59092AC-2BEF-ABCA-CE25-C785425BB75F}.Release|Any CPU.Build.0 = Release|Any CPU
		{91F09A24-F0D2-5E08-D791-5E6CD35BDB42}.Debug|Any CPU.ActiveCfg = Debug|Any CPU
		{91F09A24-F0D2-5E08-D791-5E6CD35BDB42}.Debug|Any CPU.Build.0 = Debug|Any CPU
		{91F09A24-F0D2-5E08-D791-5E6CD35BDB42}.Release|Any CPU.ActiveCfg = Release|Any CPU
		{91F09A24-F0D2-5E08-D791-5E6CD35BDB42}.Release|Any CPU.Build.0 = Release|Any CPU
		{3DFED765-54B0-BFB3-9AB9-B11D43F275AC}.Debug|Any CPU.ActiveCfg = Debug|Any CPU
		{3DFED765-54B0-BFB3-9AB9-B11D43F275AC}.Debug|Any CPU.Build.0 = Debug|Any CPU
		{3DFED765-54B0-BFB3-9AB9-B11D43F275AC}.Release|Any CPU.ActiveCfg = Release|Any CPU
		{3DFED765-54B0-BFB3-9AB9-B11D43F275AC}.Release|Any CPU.Build.0 = Release|Any CPU
		{150DD1F5-5B4E-F5EB-2A45-58CA41E1B2CD}.Debug|Any CPU.ActiveCfg = Debug|Any CPU
		{150DD1F5-5B4E-F5EB-2A45-58CA41E1B2CD}.Debug|Any CPU.Build.0 = Debug|Any CPU
		{150DD1F5-5B4E-F5EB-2A45-58CA41E1B2CD}.Release|Any CPU.ActiveCfg = Release|Any CPU
		{150DD1F5-5B4E-F5EB-2A45-58CA41E1B2CD}.Release|Any CPU.Build.0 = Release|Any CPU
		{461F86E2-99E9-0EBB-00CE-98FB9BA64C9B}.Debug|Any CPU.ActiveCfg = Debug|Any CPU
		{461F86E2-99E9-0EBB-00CE-98FB9BA64C9B}.Debug|Any CPU.Build.0 = Debug|Any CPU
		{461F86E2-99E9-0EBB-00CE-98FB9BA64C9B}.Release|Any CPU.ActiveCfg = Release|Any CPU
		{461F86E2-99E9-0EBB-00CE-98FB9BA64C9B}.Release|Any CPU.Build.0 = Release|Any CPU
		{99E9633A-A8FE-FC4D-0566-684E0A35E859}.Debug|Any CPU.ActiveCfg = Debug|Any CPU
		{99E9633A-A8FE-FC4D-0566-684E0A35E859}.Debug|Any CPU.Build.0 = Debug|Any CPU
		{99E9633A-A8FE-FC4D-0566-684E0A35E859}.Release|Any CPU.ActiveCfg = Release|Any CPU
		{99E9633A-A8FE-FC4D-0566-684E0A35E859}.Release|Any CPU.Build.0 = Release|Any CPU
		{C0BD151E-B482-9F4D-2B6D-5B87DF025DF1}.Debug|Any CPU.ActiveCfg = Debug|Any CPU
		{C0BD151E-B482-9F4D-2B6D-5B87DF025DF1}.Debug|Any CPU.Build.0 = Debug|Any CPU
		{C0BD151E-B482-9F4D-2B6D-5B87DF025DF1}.Release|Any CPU.ActiveCfg = Release|Any CPU
		{C0BD151E-B482-9F4D-2B6D-5B87DF025DF1}.Release|Any CPU.Build.0 = Release|Any CPU
		{E8290EDF-6595-EECC-0E20-0154F38D19DB}.Debug|Any CPU.ActiveCfg = Debug|Any CPU
		{E8290EDF-6595-EECC-0E20-0154F38D19DB}.Debug|Any CPU.Build.0 = Debug|Any CPU
		{E8290EDF-6595-EECC-0E20-0154F38D19DB}.Release|Any CPU.ActiveCfg = Release|Any CPU
		{E8290EDF-6595-EECC-0E20-0154F38D19DB}.Release|Any CPU.Build.0 = Release|Any CPU
		{87AB8392-2F26-8C4C-8C70-C0150644D531}.Debug|Any CPU.ActiveCfg = Debug|Any CPU
		{87AB8392-2F26-8C4C-8C70-C0150644D531}.Debug|Any CPU.Build.0 = Debug|Any CPU
		{87AB8392-2F26-8C4C-8C70-C0150644D531}.Release|Any CPU.ActiveCfg = Release|Any CPU
		{87AB8392-2F26-8C4C-8C70-C0150644D531}.Release|Any CPU.Build.0 = Release|Any CPU
		{3CF0DE9D-D31F-9C14-A272-D5BA6888739B}.Debug|Any CPU.ActiveCfg = Debug|Any CPU
		{3CF0DE9D-D31F-9C14-A272-D5BA6888739B}.Debug|Any CPU.Build.0 = Debug|Any CPU
		{3CF0DE9D-D31F-9C14-A272-D5BA6888739B}.Release|Any CPU.ActiveCfg = Release|Any CPU
		{3CF0DE9D-D31F-9C14-A272-D5BA6888739B}.Release|Any CPU.Build.0 = Release|Any CPU
		{2AF39526-D5BF-82A9-986C-30A9F78589D2}.Debug|Any CPU.ActiveCfg = Debug|Any CPU
		{2AF39526-D5BF-82A9-986C-30A9F78589D2}.Debug|Any CPU.Build.0 = Debug|Any CPU
		{2AF39526-D5BF-82A9-986C-30A9F78589D2}.Release|Any CPU.ActiveCfg = Release|Any CPU
		{2AF39526-D5BF-82A9-986C-30A9F78589D2}.Release|Any CPU.Build.0 = Release|Any CPU
		{F17128E9-0291-E5D1-5E34-D185BCC0B0D6}.Debug|Any CPU.ActiveCfg = Debug|Any CPU
		{F17128E9-0291-E5D1-5E34-D185BCC0B0D6}.Debug|Any CPU.Build.0 = Debug|Any CPU
		{F17128E9-0291-E5D1-5E34-D185BCC0B0D6}.Release|Any CPU.ActiveCfg = Release|Any CPU
		{F17128E9-0291-E5D1-5E34-D185BCC0B0D6}.Release|Any CPU.Build.0 = Release|Any CPU
		{C45E1DF0-FAFA-A584-A40D-F8A4BB20613A}.Debug|Any CPU.ActiveCfg = Debug|Any CPU
		{C45E1DF0-FAFA-A584-A40D-F8A4BB20613A}.Debug|Any CPU.Build.0 = Debug|Any CPU
		{C45E1DF0-FAFA-A584-A40D-F8A4BB20613A}.Release|Any CPU.ActiveCfg = Release|Any CPU
		{C45E1DF0-FAFA-A584-A40D-F8A4BB20613A}.Release|Any CPU.Build.0 = Release|Any CPU
		{B9A92D4F-2B09-2484-461F-96F5341A9B0B}.Debug|Any CPU.ActiveCfg = Debug|Any CPU
		{B9A92D4F-2B09-2484-461F-96F5341A9B0B}.Debug|Any CPU.Build.0 = Debug|Any CPU
		{B9A92D4F-2B09-2484-461F-96F5341A9B0B}.Release|Any CPU.ActiveCfg = Release|Any CPU
		{B9A92D4F-2B09-2484-461F-96F5341A9B0B}.Release|Any CPU.Build.0 = Release|Any CPU
		{5882696A-E338-3C88-AF62-0BBA959DC841}.Debug|Any CPU.ActiveCfg = Debug|Any CPU
		{5882696A-E338-3C88-AF62-0BBA959DC841}.Debug|Any CPU.Build.0 = Debug|Any CPU
		{5882696A-E338-3C88-AF62-0BBA959DC841}.Release|Any CPU.ActiveCfg = Release|Any CPU
		{5882696A-E338-3C88-AF62-0BBA959DC841}.Release|Any CPU.Build.0 = Release|Any CPU
		{197FF068-E01D-1F9C-57E4-406E6F88EE65}.Debug|Any CPU.ActiveCfg = Debug|Any CPU
		{197FF068-E01D-1F9C-57E4-406E6F88EE65}.Debug|Any CPU.Build.0 = Debug|Any CPU
		{197FF068-E01D-1F9C-57E4-406E6F88EE65}.Release|Any CPU.ActiveCfg = Release|Any CPU
		{197FF068-E01D-1F9C-57E4-406E6F88EE65}.Release|Any CPU.Build.0 = Release|Any CPU
		{7258C746-6776-0BA0-FC5B-9B0603D551AB}.Debug|Any CPU.ActiveCfg = Debug|Any CPU
		{7258C746-6776-0BA0-FC5B-9B0603D551AB}.Debug|Any CPU.Build.0 = Debug|Any CPU
		{7258C746-6776-0BA0-FC5B-9B0603D551AB}.Release|Any CPU.ActiveCfg = Release|Any CPU
		{7258C746-6776-0BA0-FC5B-9B0603D551AB}.Release|Any CPU.Build.0 = Release|Any CPU
		{AFF955EC-8EFA-6B47-6FD6-A0E5EB803D0E}.Debug|Any CPU.ActiveCfg = Debug|Any CPU
		{AFF955EC-8EFA-6B47-6FD6-A0E5EB803D0E}.Debug|Any CPU.Build.0 = Debug|Any CPU
		{AFF955EC-8EFA-6B47-6FD6-A0E5EB803D0E}.Release|Any CPU.ActiveCfg = Release|Any CPU
		{AFF955EC-8EFA-6B47-6FD6-A0E5EB803D0E}.Release|Any CPU.Build.0 = Release|Any CPU
		{419242D0-242A-E0B4-B4E6-A1504C8B35C6}.Debug|Any CPU.ActiveCfg = Debug|Any CPU
		{419242D0-242A-E0B4-B4E6-A1504C8B35C6}.Debug|Any CPU.Build.0 = Debug|Any CPU
		{419242D0-242A-E0B4-B4E6-A1504C8B35C6}.Release|Any CPU.ActiveCfg = Release|Any CPU
		{419242D0-242A-E0B4-B4E6-A1504C8B35C6}.Release|Any CPU.Build.0 = Release|Any CPU
		{0A05F66A-6111-1273-5BF5-EDE1E0B2D1E6}.Debug|Any CPU.ActiveCfg = Debug|Any CPU
		{0A05F66A-6111-1273-5BF5-EDE1E0B2D1E6}.Debug|Any CPU.Build.0 = Debug|Any CPU
		{0A05F66A-6111-1273-5BF5-EDE1E0B2D1E6}.Release|Any CPU.ActiveCfg = Release|Any CPU
		{0A05F66A-6111-1273-5BF5-EDE1E0B2D1E6}.Release|Any CPU.Build.0 = Release|Any CPU
		{5E2F9D8E-2D1D-BAB9-D4AF-6419D1B4C734}.Debug|Any CPU.ActiveCfg = Debug|Any CPU
		{5E2F9D8E-2D1D-BAB9-D4AF-6419D1B4C734}.Debug|Any CPU.Build.0 = Debug|Any CPU
		{5E2F9D8E-2D1D-BAB9-D4AF-6419D1B4C734}.Release|Any CPU.ActiveCfg = Release|Any CPU
		{5E2F9D8E-2D1D-BAB9-D4AF-6419D1B4C734}.Release|Any CPU.Build.0 = Release|Any CPU
		{13249650-564B-5713-A345-5DB6FB4FD5E0}.Debug|Any CPU.ActiveCfg = Debug|Any CPU
		{13249650-564B-5713-A345-5DB6FB4FD5E0}.Debug|Any CPU.Build.0 = Debug|Any CPU
		{13249650-564B-5713-A345-5DB6FB4FD5E0}.Release|Any CPU.ActiveCfg = Release|Any CPU
		{13249650-564B-5713-A345-5DB6FB4FD5E0}.Release|Any CPU.Build.0 = Release|Any CPU
		{9FC4FD90-0A25-4F51-E8FD-4875ABB39744}.Debug|Any CPU.ActiveCfg = Debug|Any CPU
		{9FC4FD90-0A25-4F51-E8FD-4875ABB39744}.Debug|Any CPU.Build.0 = Debug|Any CPU
		{9FC4FD90-0A25-4F51-E8FD-4875ABB39744}.Release|Any CPU.ActiveCfg = Release|Any CPU
		{9FC4FD90-0A25-4F51-E8FD-4875ABB39744}.Release|Any CPU.Build.0 = Release|Any CPU
		{E0F7C785-E03F-F464-7335-098E506DB86C}.Debug|Any CPU.ActiveCfg = Debug|Any CPU
		{E0F7C785-E03F-F464-7335-098E506DB86C}.Debug|Any CPU.Build.0 = Debug|Any CPU
		{E0F7C785-E03F-F464-7335-098E506DB86C}.Release|Any CPU.ActiveCfg = Release|Any CPU
		{E0F7C785-E03F-F464-7335-098E506DB86C}.Release|Any CPU.Build.0 = Release|Any CPU
		{0A840186-CB81-FB7C-29CA-1AEB9A5C9216}.Debug|Any CPU.ActiveCfg = Debug|Any CPU
		{0A840186-CB81-FB7C-29CA-1AEB9A5C9216}.Debug|Any CPU.Build.0 = Debug|Any CPU
		{0A840186-CB81-FB7C-29CA-1AEB9A5C9216}.Release|Any CPU.ActiveCfg = Release|Any CPU
		{0A840186-CB81-FB7C-29CA-1AEB9A5C9216}.Release|Any CPU.Build.0 = Release|Any CPU
		{3DB910B0-E1B8-A581-68F8-417C408209DE}.Debug|Any CPU.ActiveCfg = Debug|Any CPU
		{3DB910B0-E1B8-A581-68F8-417C408209DE}.Debug|Any CPU.Build.0 = Debug|Any CPU
		{3DB910B0-E1B8-A581-68F8-417C408209DE}.Release|Any CPU.ActiveCfg = Release|Any CPU
		{3DB910B0-E1B8-A581-68F8-417C408209DE}.Release|Any CPU.Build.0 = Release|Any CPU
		{53017C9A-EA0D-871F-2C47-64083D2D3B5F}.Debug|Any CPU.ActiveCfg = Debug|Any CPU
		{53017C9A-EA0D-871F-2C47-64083D2D3B5F}.Debug|Any CPU.Build.0 = Debug|Any CPU
		{53017C9A-EA0D-871F-2C47-64083D2D3B5F}.Release|Any CPU.ActiveCfg = Release|Any CPU
		{53017C9A-EA0D-871F-2C47-64083D2D3B5F}.Release|Any CPU.Build.0 = Release|Any CPU
		{B2B49AF9-478F-E5C0-E3C1-5941CCC6273A}.Debug|Any CPU.ActiveCfg = Debug|Any CPU
		{B2B49AF9-478F-E5C0-E3C1-5941CCC6273A}.Debug|Any CPU.Build.0 = Debug|Any CPU
		{B2B49AF9-478F-E5C0-E3C1-5941CCC6273A}.Release|Any CPU.ActiveCfg = Release|Any CPU
		{B2B49AF9-478F-E5C0-E3C1-5941CCC6273A}.Release|Any CPU.Build.0 = Release|Any CPU
		{51BF989F-CF70-57AE-7A15-3195B1683BFD}.Debug|Any CPU.ActiveCfg = Debug|Any CPU
		{51BF989F-CF70-57AE-7A15-3195B1683BFD}.Debug|Any CPU.Build.0 = Debug|Any CPU
		{51BF989F-CF70-57AE-7A15-3195B1683BFD}.Release|Any CPU.ActiveCfg = Release|Any CPU
		{51BF989F-CF70-57AE-7A15-3195B1683BFD}.Release|Any CPU.Build.0 = Release|Any CPU
		{BF06B3C8-FBAA-4787-E699-21445D2DFFDD}.Debug|Any CPU.ActiveCfg = Debug|Any CPU
		{BF06B3C8-FBAA-4787-E699-21445D2DFFDD}.Debug|Any CPU.Build.0 = Debug|Any CPU
		{BF06B3C8-FBAA-4787-E699-21445D2DFFDD}.Release|Any CPU.ActiveCfg = Release|Any CPU
		{BF06B3C8-FBAA-4787-E699-21445D2DFFDD}.Release|Any CPU.Build.0 = Release|Any CPU
		{F52B0F8E-A717-9D77-4E18-981DE9BA5499}.Debug|Any CPU.ActiveCfg = Debug|Any CPU
		{F52B0F8E-A717-9D77-4E18-981DE9BA5499}.Debug|Any CPU.Build.0 = Debug|Any CPU
		{F52B0F8E-A717-9D77-4E18-981DE9BA5499}.Release|Any CPU.ActiveCfg = Release|Any CPU
		{F52B0F8E-A717-9D77-4E18-981DE9BA5499}.Release|Any CPU.Build.0 = Release|Any CPU
		{2980FF11-1639-0F90-A63D-624DE5CEB7B6}.Debug|Any CPU.ActiveCfg = Debug|Any CPU
		{2980FF11-1639-0F90-A63D-624DE5CEB7B6}.Debug|Any CPU.Build.0 = Debug|Any CPU
		{2980FF11-1639-0F90-A63D-624DE5CEB7B6}.Release|Any CPU.ActiveCfg = Release|Any CPU
		{2980FF11-1639-0F90-A63D-624DE5CEB7B6}.Release|Any CPU.Build.0 = Release|Any CPU
	EndGlobalSection
	GlobalSection(SolutionProperties) = preSolution
		HideSolutionNode = FALSE
	EndGlobalSection
EndGlobal
